
Microsoft Visual Studio Solution File, Format Version 12.00
# Visual Studio 14
VisualStudioVersion = 14.0.25420.1
MinimumVisualStudioVersion = 10.0.40219.1
Project("{FAE04EC0-301F-11D3-BF4B-00C04F79EFBC}") = "NShave", "NShave\NShave.csproj", "{65A88E71-DDBE-4ACB-925C-85DC7F071642}"
EndProject
Project("{FAE04EC0-301F-11D3-BF4B-00C04F79EFBC}") = "NShave.Tests", "NShave.Tests\NShave.Tests.csproj", "{C06F2A4D-145C-49D4-8FA0-7588EED0FD2C}"
EndProject
Global
	GlobalSection(SolutionConfigurationPlatforms) = preSolution
		Debug|Any CPU = Debug|Any CPU
		Release|Any CPU = Release|Any CPU
	EndGlobalSection
	GlobalSection(ProjectConfigurationPlatforms) = postSolution
		{65A88E71-DDBE-4ACB-925C-85DC7F071642}.Debug|Any CPU.ActiveCfg = Debug|Any CPU
		{65A88E71-DDBE-4ACB-925C-85DC7F071642}.Debug|Any CPU.Build.0 = Debug|Any CPU
		{65A88E71-DDBE-4ACB-925C-85DC7F071642}.Release|Any CPU.ActiveCfg = Release|Any CPU
		{65A88E71-DDBE-4ACB-925C-85DC7F071642}.Release|Any CPU.Build.0 = Release|Any CPU
		{C06F2A4D-145C-49D4-8FA0-7588EED0FD2C}.Debug|Any CPU.ActiveCfg = Debug|Any CPU
		{C06F2A4D-145C-49D4-8FA0-7588EED0FD2C}.Debug|Any CPU.Build.0 = Debug|Any CPU
		{C06F2A4D-145C-49D4-8FA0-7588EED0FD2C}.Release|Any CPU.ActiveCfg = Release|Any CPU
		{C06F2A4D-145C-49D4-8FA0-7588EED0FD2C}.Release|Any CPU.Build.0 = Release|Any CPU
	EndGlobalSection
	GlobalSection(SolutionProperties) = preSolution
		HideSolutionNode = FALSE
	EndGlobalSection
EndGlobal
