
Microsoft Visual Studio Solution File, Format Version 12.00
# Visual Studio 14
VisualStudioVersion = 14.0.25420.1
MinimumVisualStudioVersion = 10.0.40219.1
Project("{2150E333-8FDC-42A3-9474-1A3956D46DE8}") = "src", "src", "{34CC004A-A3BA-406A-A72D-C8582EA9A3BF}"
EndProject
Project("{2150E333-8FDC-42A3-9474-1A3956D46DE8}") = "Solution Items", "Solution Items", "{CB405967-2B41-48FB-9C99-C25D30445083}"
	ProjectSection(SolutionItems) = preProject
		global.json = global.json
	EndProjectSection
EndProject
Project("{8BB2217D-0F2D-49D1-97BC-3654ED321F3B}") = "NShave", "src\NShave\NShave.xproj", "{B1B2F5BF-7D43-456B-8D2D-09E392D1B672}"
EndProject
Project("{8BB2217D-0F2D-49D1-97BC-3654ED321F3B}") = "NShave.Tests", "src\NShave.Tests\NShave.Tests.xproj", "{07BDCC1B-3423-4B43-976B-E827F9C23D14}"
EndProject
Project("{8BB2217D-0F2D-49D1-97BC-3654ED321F3B}") = "NShave.Console", "src\NShave.Console\NShave.Console.xproj", "{494A8714-11AA-4A27-8616-FAF4A148D567}"
EndProject
Project("{8BB2217D-0F2D-49D1-97BC-3654ED321F3B}") = "NShave.Console.Tests", "src\NShave.Console.Tests\NShave.Console.Tests.xproj", "{42AE48BF-C7CB-423B-A9AB-F68D616B93B7}"
EndProject
Global
	GlobalSection(SolutionConfigurationPlatforms) = preSolution
		Debug|Any CPU = Debug|Any CPU
		Release|Any CPU = Release|Any CPU
	EndGlobalSection
	GlobalSection(ProjectConfigurationPlatforms) = postSolution
		{B1B2F5BF-7D43-456B-8D2D-09E392D1B672}.Debug|Any CPU.ActiveCfg = Debug|Any CPU
		{B1B2F5BF-7D43-456B-8D2D-09E392D1B672}.Debug|Any CPU.Build.0 = Debug|Any CPU
		{B1B2F5BF-7D43-456B-8D2D-09E392D1B672}.Release|Any CPU.ActiveCfg = Release|Any CPU
		{B1B2F5BF-7D43-456B-8D2D-09E392D1B672}.Release|Any CPU.Build.0 = Release|Any CPU
		{07BDCC1B-3423-4B43-976B-E827F9C23D14}.Debug|Any CPU.ActiveCfg = Debug|Any CPU
		{07BDCC1B-3423-4B43-976B-E827F9C23D14}.Debug|Any CPU.Build.0 = Debug|Any CPU
		{07BDCC1B-3423-4B43-976B-E827F9C23D14}.Release|Any CPU.ActiveCfg = Release|Any CPU
		{07BDCC1B-3423-4B43-976B-E827F9C23D14}.Release|Any CPU.Build.0 = Release|Any CPU
		{494A8714-11AA-4A27-8616-FAF4A148D567}.Debug|Any CPU.ActiveCfg = Debug|Any CPU
		{494A8714-11AA-4A27-8616-FAF4A148D567}.Debug|Any CPU.Build.0 = Debug|Any CPU
		{494A8714-11AA-4A27-8616-FAF4A148D567}.Release|Any CPU.ActiveCfg = Release|Any CPU
		{494A8714-11AA-4A27-8616-FAF4A148D567}.Release|Any CPU.Build.0 = Release|Any CPU
		{42AE48BF-C7CB-423B-A9AB-F68D616B93B7}.Debug|Any CPU.ActiveCfg = Debug|Any CPU
		{42AE48BF-C7CB-423B-A9AB-F68D616B93B7}.Debug|Any CPU.Build.0 = Debug|Any CPU
		{42AE48BF-C7CB-423B-A9AB-F68D616B93B7}.Release|Any CPU.ActiveCfg = Release|Any CPU
		{42AE48BF-C7CB-423B-A9AB-F68D616B93B7}.Release|Any CPU.Build.0 = Release|Any CPU
	EndGlobalSection
	GlobalSection(SolutionProperties) = preSolution
		HideSolutionNode = FALSE
	EndGlobalSection
	GlobalSection(NestedProjects) = preSolution
		{B1B2F5BF-7D43-456B-8D2D-09E392D1B672} = {34CC004A-A3BA-406A-A72D-C8582EA9A3BF}
		{07BDCC1B-3423-4B43-976B-E827F9C23D14} = {34CC004A-A3BA-406A-A72D-C8582EA9A3BF}
		{494A8714-11AA-4A27-8616-FAF4A148D567} = {34CC004A-A3BA-406A-A72D-C8582EA9A3BF}
		{42AE48BF-C7CB-423B-A9AB-F68D616B93B7} = {34CC004A-A3BA-406A-A72D-C8582EA9A3BF}
	EndGlobalSection
EndGlobal
